# This file is automatically @generated by Cargo.
# It is not intended for manual editing.
version = 3

[[package]]
name = "bootloader"
version = "0.10.9"
source = "registry+https://github.com/rust-lang/crates.io-index"
checksum = "61ee1938693d0a8a0b8398328d5632254e84ef42c095ef0b585fd903a8e19d20"

[[package]]
name = "zedos"
version = "0.1.0"
dependencies = [
 "bootloader",
]
